// !$*UTF8*$!
{
	archiveVersion = 1;
	classes = {
	};
	objectVersion = 56;
	objects = {

/* Begin PBXBuildFile section */
		572B37872A8D48E400DF6252 /* CashAppStocksApp.swift in Sources */ = {isa = PBXBuildFile; fileRef = 572B37862A8D48E400DF6252 /* CashAppStocksApp.swift */; };
		572B378B2A8D48E500DF6252 /* Assets.xcassets in Resources */ = {isa = PBXBuildFile; fileRef = 572B378A2A8D48E500DF6252 /* Assets.xcassets */; };
		572B378E2A8D48E500DF6252 /* Preview Assets.xcassets in Resources */ = {isa = PBXBuildFile; fileRef = 572B378D2A8D48E500DF6252 /* Preview Assets.xcassets */; };
		572B37982A8D48E500DF6252 /* CashAppStocksTests.swift in Sources */ = {isa = PBXBuildFile; fileRef = 572B37972A8D48E500DF6252 /* CashAppStocksTests.swift */; };
		572B37B42A8D4AF000DF6252 /* Stock.swift in Sources */ = {isa = PBXBuildFile; fileRef = 572B37B32A8D4AF000DF6252 /* Stock.swift */; };
		572B37B62A8D4B1400DF6252 /* Portfolio.swift in Sources */ = {isa = PBXBuildFile; fileRef = 572B37B52A8D4B1400DF6252 /* Portfolio.swift */; };
		572B37B82A8D4B7B00DF6252 /* StockViewModel.swift in Sources */ = {isa = PBXBuildFile; fileRef = 572B37B72A8D4B7B00DF6252 /* StockViewModel.swift */; };
		572B37B92A8D4B7B00DF6252 /* StockViewModel.swift in Sources */ = {isa = PBXBuildFile; fileRef = 572B37B72A8D4B7B00DF6252 /* StockViewModel.swift */; };
		572B37BB2A8D4B9500DF6252 /* Stock.swift in Sources */ = {isa = PBXBuildFile; fileRef = 572B37B32A8D4AF000DF6252 /* Stock.swift */; };
		572B37BD2A8D4B9C00DF6252 /* Portfolio.swift in Sources */ = {isa = PBXBuildFile; fileRef = 572B37B52A8D4B1400DF6252 /* Portfolio.swift */; };
		572B37C02A8D4C2000DF6252 /* StockListView.swift in Sources */ = {isa = PBXBuildFile; fileRef = 572B37BF2A8D4C2000DF6252 /* StockListView.swift */; };
		572B37C12A8D4C2000DF6252 /* StockListView.swift in Sources */ = {isa = PBXBuildFile; fileRef = 572B37BF2A8D4C2000DF6252 /* StockListView.swift */; };
		572B37C42A8D7A0D00DF6252 /* View-Extension.swift in Sources */ = {isa = PBXBuildFile; fileRef = 572B37C32A8D7A0D00DF6252 /* View-Extension.swift */; };
		572B37CC2A8D85F300DF6252 /* StockDetailView.swift in Sources */ = {isa = PBXBuildFile; fileRef = 572B37CB2A8D85F300DF6252 /* StockDetailView.swift */; };
		572B37CD2A8D85F300DF6252 /* StockDetailView.swift in Sources */ = {isa = PBXBuildFile; fileRef = 572B37CB2A8D85F300DF6252 /* StockDetailView.swift */; };
		572B37CF2A8E922800DF6252 /* View-Extension.swift in Sources */ = {isa = PBXBuildFile; fileRef = 572B37C32A8D7A0D00DF6252 /* View-Extension.swift */; };
/* End PBXBuildFile section */

/* Begin PBXContainerItemProxy section */
		572B37942A8D48E500DF6252 /* PBXContainerItemProxy */ = {
			isa = PBXContainerItemProxy;
			containerPortal = 572B377B2A8D48E400DF6252 /* Project object */;
			proxyType = 1;
			remoteGlobalIDString = 572B37822A8D48E400DF6252;
			remoteInfo = CashAppStocks;
		};
/* End PBXContainerItemProxy section */

/* Begin PBXFileReference section */
		572B37832A8D48E400DF6252 /* CashAppStocks.app */ = {isa = PBXFileReference; explicitFileType = wrapper.application; includeInIndex = 0; path = CashAppStocks.app; sourceTree = BUILT_PRODUCTS_DIR; };
		572B37862A8D48E400DF6252 /* CashAppStocksApp.swift */ = {isa = PBXFileReference; lastKnownFileType = sourcecode.swift; path = CashAppStocksApp.swift; sourceTree = "<group>"; };
		572B378A2A8D48E500DF6252 /* Assets.xcassets */ = {isa = PBXFileReference; lastKnownFileType = folder.assetcatalog; path = Assets.xcassets; sourceTree = "<group>"; };
		572B378D2A8D48E500DF6252 /* Preview Assets.xcassets */ = {isa = PBXFileReference; lastKnownFileType = folder.assetcatalog; path = "Preview Assets.xcassets"; sourceTree = "<group>"; };
		572B37932A8D48E500DF6252 /* CashAppStocksTests.xctest */ = {isa = PBXFileReference; explicitFileType = wrapper.cfbundle; includeInIndex = 0; path = CashAppStocksTests.xctest; sourceTree = BUILT_PRODUCTS_DIR; };
		572B37972A8D48E500DF6252 /* CashAppStocksTests.swift */ = {isa = PBXFileReference; lastKnownFileType = sourcecode.swift; path = CashAppStocksTests.swift; sourceTree = "<group>"; };
		572B37B32A8D4AF000DF6252 /* Stock.swift */ = {isa = PBXFileReference; lastKnownFileType = sourcecode.swift; path = Stock.swift; sourceTree = "<group>"; };
		572B37B52A8D4B1400DF6252 /* Portfolio.swift */ = {isa = PBXFileReference; lastKnownFileType = sourcecode.swift; path = Portfolio.swift; sourceTree = "<group>"; };
		572B37B72A8D4B7B00DF6252 /* StockViewModel.swift */ = {isa = PBXFileReference; lastKnownFileType = sourcecode.swift; path = StockViewModel.swift; sourceTree = "<group>"; };
		572B37BF2A8D4C2000DF6252 /* StockListView.swift */ = {isa = PBXFileReference; lastKnownFileType = sourcecode.swift; path = StockListView.swift; sourceTree = "<group>"; };
		572B37C32A8D7A0D00DF6252 /* View-Extension.swift */ = {isa = PBXFileReference; lastKnownFileType = sourcecode.swift; path = "View-Extension.swift"; sourceTree = "<group>"; };
		572B37CB2A8D85F300DF6252 /* StockDetailView.swift */ = {isa = PBXFileReference; lastKnownFileType = sourcecode.swift; path = StockDetailView.swift; sourceTree = "<group>"; };
/* End PBXFileReference section */

/* Begin PBXFrameworksBuildPhase section */
		572B37802A8D48E400DF6252 /* Frameworks */ = {
			isa = PBXFrameworksBuildPhase;
			buildActionMask = 2147483647;
			files = (
			);
			runOnlyForDeploymentPostprocessing = 0;
		};
		572B37902A8D48E500DF6252 /* Frameworks */ = {
			isa = PBXFrameworksBuildPhase;
			buildActionMask = 2147483647;
			files = (
			);
			runOnlyForDeploymentPostprocessing = 0;
		};
/* End PBXFrameworksBuildPhase section */

/* Begin PBXGroup section */
		572B377A2A8D48E400DF6252 = {
			isa = PBXGroup;
			children = (
				572B37852A8D48E400DF6252 /* CashAppStocks */,
				572B37962A8D48E500DF6252 /* CashAppStocksTests */,
				572B37842A8D48E400DF6252 /* Products */,
			);
			sourceTree = "<group>";
		};
		572B37842A8D48E400DF6252 /* Products */ = {
			isa = PBXGroup;
			children = (
				572B37832A8D48E400DF6252 /* CashAppStocks.app */,
				572B37932A8D48E500DF6252 /* CashAppStocksTests.xctest */,
			);
			name = Products;
			sourceTree = "<group>";
		};
		572B37852A8D48E400DF6252 /* CashAppStocks */ = {
			isa = PBXGroup;
			children = (
				572B37862A8D48E400DF6252 /* CashAppStocksApp.swift */,
				572B37B22A8D4AC300DF6252 /* ViewModels */,
				572B37B12A8D4ABA00DF6252 /* Views */,
				572B37B02A8D4AB100DF6252 /* Models */,
				572B37C32A8D7A0D00DF6252 /* View-Extension.swift */,
				572B378A2A8D48E500DF6252 /* Assets.xcassets */,
				572B378C2A8D48E500DF6252 /* Preview Content */,
			);
			path = CashAppStocks;
			sourceTree = "<group>";
		};
		572B378C2A8D48E500DF6252 /* Preview Content */ = {
			isa = PBXGroup;
			children = (
				572B378D2A8D48E500DF6252 /* Preview Assets.xcassets */,
			);
			path = "Preview Content";
			sourceTree = "<group>";
		};
		572B37962A8D48E500DF6252 /* CashAppStocksTests */ = {
			isa = PBXGroup;
			children = (
				572B37972A8D48E500DF6252 /* CashAppStocksTests.swift */,
			);
			path = CashAppStocksTests;
			sourceTree = "<group>";
		};
		572B37B02A8D4AB100DF6252 /* Models */ = {
			isa = PBXGroup;
			children = (
				572B37B32A8D4AF000DF6252 /* Stock.swift */,
				572B37B52A8D4B1400DF6252 /* Portfolio.swift */,
			);
			path = Models;
			sourceTree = "<group>";
		};
		572B37B12A8D4ABA00DF6252 /* Views */ = {
			isa = PBXGroup;
			children = (
				572B37BF2A8D4C2000DF6252 /* StockListView.swift */,
				572B37CB2A8D85F300DF6252 /* StockDetailView.swift */,
			);
			path = Views;
			sourceTree = "<group>";
		};
		572B37B22A8D4AC300DF6252 /* ViewModels */ = {
			isa = PBXGroup;
			children = (
				572B37B72A8D4B7B00DF6252 /* StockViewModel.swift */,
			);
			path = ViewModels;
			sourceTree = "<group>";
		};
/* End PBXGroup section */

/* Begin PBXNativeTarget section */
		572B37822A8D48E400DF6252 /* CashAppStocks */ = {
			isa = PBXNativeTarget;
			buildConfigurationList = 572B37A72A8D48E500DF6252 /* Build configuration list for PBXNativeTarget "CashAppStocks" */;
			buildPhases = (
				572B377F2A8D48E400DF6252 /* Sources */,
				572B37802A8D48E400DF6252 /* Frameworks */,
				572B37812A8D48E400DF6252 /* Resources */,
			);
			buildRules = (
			);
			dependencies = (
			);
			name = CashAppStocks;
			productName = CashAppStocks;
			productReference = 572B37832A8D48E400DF6252 /* CashAppStocks.app */;
			productType = "com.apple.product-type.application";
		};
		572B37922A8D48E500DF6252 /* CashAppStocksTests */ = {
			isa = PBXNativeTarget;
			buildConfigurationList = 572B37AA2A8D48E500DF6252 /* Build configuration list for PBXNativeTarget "CashAppStocksTests" */;
			buildPhases = (
				572B378F2A8D48E500DF6252 /* Sources */,
				572B37902A8D48E500DF6252 /* Frameworks */,
				572B37912A8D48E500DF6252 /* Resources */,
			);
			buildRules = (
			);
			dependencies = (
				572B37952A8D48E500DF6252 /* PBXTargetDependency */,
			);
			name = CashAppStocksTests;
			productName = CashAppStocksTests;
			productReference = 572B37932A8D48E500DF6252 /* CashAppStocksTests.xctest */;
			productType = "com.apple.product-type.bundle.unit-test";
		};
/* End PBXNativeTarget section */

/* Begin PBXProject section */
		572B377B2A8D48E400DF6252 /* Project object */ = {
			isa = PBXProject;
			attributes = {
				BuildIndependentTargetsInParallel = 1;
				LastSwiftUpdateCheck = 1430;
				LastUpgradeCheck = 1430;
				TargetAttributes = {
					572B37822A8D48E400DF6252 = {
						CreatedOnToolsVersion = 14.3.1;
					};
					572B37922A8D48E500DF6252 = {
						CreatedOnToolsVersion = 14.3.1;
						TestTargetID = 572B37822A8D48E400DF6252;
					};
				};
			};
			buildConfigurationList = 572B377E2A8D48E400DF6252 /* Build configuration list for PBXProject "CashAppStocks" */;
			compatibilityVersion = "Xcode 14.0";
			developmentRegion = en;
			hasScannedForEncodings = 0;
			knownRegions = (
				en,
				Base,
			);
			mainGroup = 572B377A2A8D48E400DF6252;
			productRefGroup = 572B37842A8D48E400DF6252 /* Products */;
			projectDirPath = "";
			projectRoot = "";
			targets = (
				572B37822A8D48E400DF6252 /* CashAppStocks */,
				572B37922A8D48E500DF6252 /* CashAppStocksTests */,
			);
		};
/* End PBXProject section */

/* Begin PBXResourcesBuildPhase section */
		572B37812A8D48E400DF6252 /* Resources */ = {
			isa = PBXResourcesBuildPhase;
			buildActionMask = 2147483647;
			files = (
				572B378E2A8D48E500DF6252 /* Preview Assets.xcassets in Resources */,
				572B378B2A8D48E500DF6252 /* Assets.xcassets in Resources */,
			);
			runOnlyForDeploymentPostprocessing = 0;
		};
		572B37912A8D48E500DF6252 /* Resources */ = {
			isa = PBXResourcesBuildPhase;
			buildActionMask = 2147483647;
			files = (
			);
			runOnlyForDeploymentPostprocessing = 0;
		};
/* End PBXResourcesBuildPhase section */

/* Begin PBXSourcesBuildPhase section */
		572B377F2A8D48E400DF6252 /* Sources */ = {
			isa = PBXSourcesBuildPhase;
			buildActionMask = 2147483647;
			files = (
				572B37CC2A8D85F300DF6252 /* StockDetailView.swift in Sources */,
				572B37B62A8D4B1400DF6252 /* Portfolio.swift in Sources */,
				572B37B82A8D4B7B00DF6252 /* StockViewModel.swift in Sources */,
				572B37C42A8D7A0D00DF6252 /* View-Extension.swift in Sources */,
				572B37C02A8D4C2000DF6252 /* StockListView.swift in Sources */,
				572B37872A8D48E400DF6252 /* CashAppStocksApp.swift in Sources */,
				572B37B42A8D4AF000DF6252 /* Stock.swift in Sources */,
			);
			runOnlyForDeploymentPostprocessing = 0;
		};
		572B378F2A8D48E500DF6252 /* Sources */ = {
			isa = PBXSourcesBuildPhase;
			buildActionMask = 2147483647;
			files = (
				572B37BD2A8D4B9C00DF6252 /* Portfolio.swift in Sources */,
				572B37982A8D48E500DF6252 /* CashAppStocksTests.swift in Sources */,
				572B37B92A8D4B7B00DF6252 /* StockViewModel.swift in Sources */,
				572B37CF2A8E922800DF6252 /* View-Extension.swift in Sources */,
				572B37BB2A8D4B9500DF6252 /* Stock.swift in Sources */,
				572B37CD2A8D85F300DF6252 /* StockDetailView.swift in Sources */,
				572B37C12A8D4C2000DF6252 /* StockListView.swift in Sources */,
			);
			runOnlyForDeploymentPostprocessing = 0;
		};
/* End PBXSourcesBuildPhase section */

/* Begin PBXTargetDependency section */
		572B37952A8D48E500DF6252 /* PBXTargetDependency */ = {
			isa = PBXTargetDependency;
			target = 572B37822A8D48E400DF6252 /* CashAppStocks */;
			targetProxy = 572B37942A8D48E500DF6252 /* PBXContainerItemProxy */;
		};
/* End PBXTargetDependency section */

/* Begin XCBuildConfiguration section */
		572B37A52A8D48E500DF6252 /* Debug */ = {
			isa = XCBuildConfiguration;
			buildSettings = {
				ALWAYS_SEARCH_USER_PATHS = NO;
				CLANG_ANALYZER_NONNULL = YES;
				CLANG_ANALYZER_NUMBER_OBJECT_CONVERSION = YES_AGGRESSIVE;
				CLANG_CXX_LANGUAGE_STANDARD = "gnu++20";
				CLANG_ENABLE_MODULES = YES;
				CLANG_ENABLE_OBJC_ARC = YES;
				CLANG_ENABLE_OBJC_WEAK = YES;
				CLANG_WARN_BLOCK_CAPTURE_AUTORELEASING = YES;
				CLANG_WARN_BOOL_CONVERSION = YES;
				CLANG_WARN_COMMA = YES;
				CLANG_WARN_CONSTANT_CONVERSION = YES;
				CLANG_WARN_DEPRECATED_OBJC_IMPLEMENTATIONS = YES;
				CLANG_WARN_DIRECT_OBJC_ISA_USAGE = YES_ERROR;
				CLANG_WARN_DOCUMENTATION_COMMENTS = YES;
				CLANG_WARN_EMPTY_BODY = YES;
				CLANG_WARN_ENUM_CONVERSION = YES;
				CLANG_WARN_INFINITE_RECURSION = YES;
				CLANG_WARN_INT_CONVERSION = YES;
				CLANG_WARN_NON_LITERAL_NULL_CONVERSION = YES;
				CLANG_WARN_OBJC_IMPLICIT_RETAIN_SELF = YES;
				CLANG_WARN_OBJC_LITERAL_CONVERSION = YES;
				CLANG_WARN_OBJC_ROOT_CLASS = YES_ERROR;
				CLANG_WARN_QUOTED_INCLUDE_IN_FRAMEWORK_HEADER = YES;
				CLANG_WARN_RANGE_LOOP_ANALYSIS = YES;
				CLANG_WARN_STRICT_PROTOTYPES = YES;
				CLANG_WARN_SUSPICIOUS_MOVE = YES;
				CLANG_WARN_UNGUARDED_AVAILABILITY = YES_AGGRESSIVE;
				CLANG_WARN_UNREACHABLE_CODE = YES;
				CLANG_WARN__DUPLICATE_METHOD_MATCH = YES;
				COPY_PHASE_STRIP = NO;
				DEBUG_INFORMATION_FORMAT = dwarf;
				ENABLE_STRICT_OBJC_MSGSEND = YES;
				ENABLE_TESTABILITY = YES;
				GCC_C_LANGUAGE_STANDARD = gnu11;
				GCC_DYNAMIC_NO_PIC = NO;
				GCC_NO_COMMON_BLOCKS = YES;
				GCC_OPTIMIZATION_LEVEL = 0;
				GCC_PREPROCESSOR_DEFINITIONS = (
					"DEBUG=1",
					"$(inherited)",
				);
				GCC_WARN_64_TO_32_BIT_CONVERSION = YES;
				GCC_WARN_ABOUT_RETURN_TYPE = YES_ERROR;
				GCC_WARN_UNDECLARED_SELECTOR = YES;
				GCC_WARN_UNINITIALIZED_AUTOS = YES_AGGRESSIVE;
				GCC_WARN_UNUSED_FUNCTION = YES;
				GCC_WARN_UNUSED_VARIABLE = YES;
				IPHONEOS_DEPLOYMENT_TARGET = 16.4;
				MTL_ENABLE_DEBUG_INFO = INCLUDE_SOURCE;
				MTL_FAST_MATH = YES;
				ONLY_ACTIVE_ARCH = YES;
				SDKROOT = iphoneos;
				SWIFT_ACTIVE_COMPILATION_CONDITIONS = DEBUG;
				SWIFT_OPTIMIZATION_LEVEL = "-Onone";
			};
			name = Debug;
		};
		572B37A62A8D48E500DF6252 /* Release */ = {
			isa = XCBuildConfiguration;
			buildSettings = {
				ALWAYS_SEARCH_USER_PATHS = NO;
				CLANG_ANALYZER_NONNULL = YES;
				CLANG_ANALYZER_NUMBER_OBJECT_CONVERSION = YES_AGGRESSIVE;
				CLANG_CXX_LANGUAGE_STANDARD = "gnu++20";
				CLANG_ENABLE_MODULES = YES;
				CLANG_ENABLE_OBJC_ARC = YES;
				CLANG_ENABLE_OBJC_WEAK = YES;
				CLANG_WARN_BLOCK_CAPTURE_AUTORELEASING = YES;
				CLANG_WARN_BOOL_CONVERSION = YES;
				CLANG_WARN_COMMA = YES;
				CLANG_WARN_CONSTANT_CONVERSION = YES;
				CLANG_WARN_DEPRECATED_OBJC_IMPLEMENTATIONS = YES;
				CLANG_WARN_DIRECT_OBJC_ISA_USAGE = YES_ERROR;
				CLANG_WARN_DOCUMENTATION_COMMENTS = YES;
				CLANG_WARN_EMPTY_BODY = YES;
				CLANG_WARN_ENUM_CONVERSION = YES;
				CLANG_WARN_INFINITE_RECURSION = YES;
				CLANG_WARN_INT_CONVERSION = YES;
				CLANG_WARN_NON_LITERAL_NULL_CONVERSION = YES;
				CLANG_WARN_OBJC_IMPLICIT_RETAIN_SELF = YES;
				CLANG_WARN_OBJC_LITERAL_CONVERSION = YES;
				CLANG_WARN_OBJC_ROOT_CLASS = YES_ERROR;
				CLANG_WARN_QUOTED_INCLUDE_IN_FRAMEWORK_HEADER = YES;
				CLANG_WARN_RANGE_LOOP_ANALYSIS = YES;
				CLANG_WARN_STRICT_PROTOTYPES = YES;
				CLANG_WARN_SUSPICIOUS_MOVE = YES;
				CLANG_WARN_UNGUARDED_AVAILABILITY = YES_AGGRESSIVE;
				CLANG_WARN_UNREACHABLE_CODE = YES;
				CLANG_WARN__DUPLICATE_METHOD_MATCH = YES;
				COPY_PHASE_STRIP = NO;
				DEBUG_INFORMATION_FORMAT = "dwarf-with-dsym";
				ENABLE_NS_ASSERTIONS = NO;
				ENABLE_STRICT_OBJC_MSGSEND = YES;
				GCC_C_LANGUAGE_STANDARD = gnu11;
				GCC_NO_COMMON_BLOCKS = YES;
				GCC_WARN_64_TO_32_BIT_CONVERSION = YES;
				GCC_WARN_ABOUT_RETURN_TYPE = YES_ERROR;
				GCC_WARN_UNDECLARED_SELECTOR = YES;
				GCC_WARN_UNINITIALIZED_AUTOS = YES_AGGRESSIVE;
				GCC_WARN_UNUSED_FUNCTION = YES;
				GCC_WARN_UNUSED_VARIABLE = YES;
				IPHONEOS_DEPLOYMENT_TARGET = 16.4;
				MTL_ENABLE_DEBUG_INFO = NO;
				MTL_FAST_MATH = YES;
				SDKROOT = iphoneos;
				SWIFT_COMPILATION_MODE = wholemodule;
				SWIFT_OPTIMIZATION_LEVEL = "-O";
				VALIDATE_PRODUCT = YES;
			};
			name = Release;
		};
		572B37A82A8D48E500DF6252 /* Debug */ = {
			isa = XCBuildConfiguration;
			buildSettings = {
				ASSETCATALOG_COMPILER_APPICON_NAME = AppIcon;
				ASSETCATALOG_COMPILER_GLOBAL_ACCENT_COLOR_NAME = AccentColor;
				CODE_SIGN_STYLE = Automatic;
				CURRENT_PROJECT_VERSION = 1;
				DEVELOPMENT_ASSET_PATHS = "\"CashAppStocks/Preview Content\"";
				DEVELOPMENT_TEAM = 9MAGDQ789J;
				ENABLE_PREVIEWS = YES;
				GENERATE_INFOPLIST_FILE = YES;
				INFOPLIST_KEY_UIApplicationSceneManifest_Generation = YES;
				INFOPLIST_KEY_UIApplicationSupportsIndirectInputEvents = YES;
				INFOPLIST_KEY_UILaunchScreen_Generation = YES;
				INFOPLIST_KEY_UISupportedInterfaceOrientations = UIInterfaceOrientationPortrait;
				INFOPLIST_KEY_UISupportedInterfaceOrientations_iPad = "UIInterfaceOrientationLandscapeLeft UIInterfaceOrientationLandscapeRight UIInterfaceOrientationPortrait UIInterfaceOrientationPortraitUpsideDown";
				LD_RUNPATH_SEARCH_PATHS = (
					"$(inherited)",
					"@executable_path/Frameworks",
				);
				MARKETING_VERSION = 1.0;
				PRODUCT_BUNDLE_IDENTIFIER = vgutierrez542.CashAppStocks;
				PRODUCT_NAME = "$(TARGET_NAME)";
				SUPPORTED_PLATFORMS = "iphoneos iphonesimulator";
				SUPPORTS_MACCATALYST = NO;
				SUPPORTS_MAC_DESIGNED_FOR_IPHONE_IPAD = NO;
				SWIFT_EMIT_LOC_STRINGS = YES;
				SWIFT_VERSION = 5.0;
				TARGETED_DEVICE_FAMILY = 1;
			};
			name = Debug;
		};
		572B37A92A8D48E500DF6252 /* Release */ = {
			isa = XCBuildConfiguration;
			buildSettings = {
				ASSETCATALOG_COMPILER_APPICON_NAME = AppIcon;
				ASSETCATALOG_COMPILER_GLOBAL_ACCENT_COLOR_NAME = AccentColor;
				CODE_SIGN_STYLE = Automatic;
				CURRENT_PROJECT_VERSION = 1;
				DEVELOPMENT_ASSET_PATHS = "\"CashAppStocks/Preview Content\"";
				DEVELOPMENT_TEAM = 9MAGDQ789J;
				ENABLE_PREVIEWS = YES;
				GENERATE_INFOPLIST_FILE = YES;
				INFOPLIST_KEY_UIApplicationSceneManifest_Generation = YES;
				INFOPLIST_KEY_UIApplicationSupportsIndirectInputEvents = YES;
				INFOPLIST_KEY_UILaunchScreen_Generation = YES;
				INFOPLIST_KEY_UISupportedInterfaceOrientations = UIInterfaceOrientationPortrait;
				INFOPLIST_KEY_UISupportedInterfaceOrientations_iPad = "UIInterfaceOrientationLandscapeLeft UIInterfaceOrientationLandscapeRight UIInterfaceOrientationPortrait UIInterfaceOrientationPortraitUpsideDown";
				LD_RUNPATH_SEARCH_PATHS = (
					"$(inherited)",
					"@executable_path/Frameworks",
				);
				MARKETING_VERSION = 1.0;
				PRODUCT_BUNDLE_IDENTIFIER = vgutierrez542.CashAppStocks;
				PRODUCT_NAME = "$(TARGET_NAME)";
				SUPPORTED_PLATFORMS = "iphoneos iphonesimulator";
				SUPPORTS_MACCATALYST = NO;
				SUPPORTS_MAC_DESIGNED_FOR_IPHONE_IPAD = NO;
				SWIFT_EMIT_LOC_STRINGS = YES;
				SWIFT_VERSION = 5.0;
				TARGETED_DEVICE_FAMILY = 1;
			};
			name = Release;
		};
		572B37AB2A8D48E500DF6252 /* Debug */ = {
			isa = XCBuildConfiguration;
			buildSettings = {
				ALWAYS_EMBED_SWIFT_STANDARD_LIBRARIES = YES;
				BUNDLE_LOADER = "$(TEST_HOST)";
				CODE_SIGN_STYLE = Automatic;
				CURRENT_PROJECT_VERSION = 1;
				GENERATE_INFOPLIST_FILE = YES;
				IPHONEOS_DEPLOYMENT_TARGET = 16.4;
				MARKETING_VERSION = 1.0;
				PRODUCT_BUNDLE_IDENTIFIER = vgutierrez542.CashAppStocksTests;
				PRODUCT_NAME = "$(TARGET_NAME)";
				SWIFT_EMIT_LOC_STRINGS = NO;
				SWIFT_VERSION = 5.0;
				TARGETED_DEVICE_FAMILY = "1,2";
				TEST_HOST = "$(BUILT_PRODUCTS_DIR)/CashAppStocks.app/$(BUNDLE_EXECUTABLE_FOLDER_PATH)/CashAppStocks";
			};
			name = Debug;
		};
		572B37AC2A8D48E500DF6252 /* Release */ = {
			isa = XCBuildConfiguration;
			buildSettings = {
				ALWAYS_EMBED_SWIFT_STANDARD_LIBRARIES = YES;
				BUNDLE_LOADER = "$(TEST_HOST)";
				CODE_SIGN_STYLE = Automatic;
				CURRENT_PROJECT_VERSION = 1;
				GENERATE_INFOPLIST_FILE = YES;
				IPHONEOS_DEPLOYMENT_TARGET = 16.4;
				MARKETING_VERSION = 1.0;
				PRODUCT_BUNDLE_IDENTIFIER = vgutierrez542.CashAppStocksTests;
				PRODUCT_NAME = "$(TARGET_NAME)";
				SWIFT_EMIT_LOC_STRINGS = NO;
				SWIFT_VERSION = 5.0;
				TARGETED_DEVICE_FAMILY = "1,2";
				TEST_HOST = "$(BUILT_PRODUCTS_DIR)/CashAppStocks.app/$(BUNDLE_EXECUTABLE_FOLDER_PATH)/CashAppStocks";
			};
			name = Release;
		};
/* End XCBuildConfiguration section */

/* Begin XCConfigurationList section */
		572B377E2A8D48E400DF6252 /* Build configuration list for PBXProject "CashAppStocks" */ = {
			isa = XCConfigurationList;
			buildConfigurations = (
				572B37A52A8D48E500DF6252 /* Debug */,
				572B37A62A8D48E500DF6252 /* Release */,
			);
			defaultConfigurationIsVisible = 0;
			defaultConfigurationName = Release;
		};
		572B37A72A8D48E500DF6252 /* Build configuration list for PBXNativeTarget "CashAppStocks" */ = {
			isa = XCConfigurationList;
			buildConfigurations = (
				572B37A82A8D48E500DF6252 /* Debug */,
				572B37A92A8D48E500DF6252 /* Release */,
			);
			defaultConfigurationIsVisible = 0;
			defaultConfigurationName = Release;
		};
		572B37AA2A8D48E500DF6252 /* Build configuration list for PBXNativeTarget "CashAppStocksTests" */ = {
			isa = XCConfigurationList;
			buildConfigurations = (
				572B37AB2A8D48E500DF6252 /* Debug */,
				572B37AC2A8D48E500DF6252 /* Release */,
			);
			defaultConfigurationIsVisible = 0;
			defaultConfigurationName = Release;
		};
/* End XCConfigurationList section */
	};
	rootObject = 572B377B2A8D48E400DF6252 /* Project object */;
}
